
Microsoft Visual Studio Solution File, Format Version 12.00
# Visual Studio 15
VisualStudioVersion = 15.0.27004.2005
MinimumVisualStudioVersion = 10.0.40219.1
Project("{FAE04EC0-301F-11D3-BF4B-00C04F79EFBC}") = "NUnitHangIssue", "NUnitHangIssue\NUnitHangIssue.csproj", "{0D69DF8E-55FA-4373-A18A-6F53DD426FEB}"
EndProject
Project("{FAE04EC0-301F-11D3-BF4B-00C04F79EFBC}") = "NUnitHangIssue.Tests", "NUnitHangIssue.Tests\NUnitHangIssue.Tests.csproj", "{3160310C-7E34-47D3-9FDB-2BEE03178132}"
EndProject
Global
	GlobalSection(SolutionConfigurationPlatforms) = preSolution
		Debug|Any CPU = Debug|Any CPU
		Release|Any CPU = Release|Any CPU
	EndGlobalSection
	GlobalSection(ProjectConfigurationPlatforms) = postSolution
		{0D69DF8E-55FA-4373-A18A-6F53DD426FEB}.Debug|Any CPU.ActiveCfg = Debug|Any CPU
		{0D69DF8E-55FA-4373-A18A-6F53DD426FEB}.Debug|Any CPU.Build.0 = Debug|Any CPU
		{0D69DF8E-55FA-4373-A18A-6F53DD426FEB}.Release|Any CPU.ActiveCfg = Release|Any CPU
		{0D69DF8E-55FA-4373-A18A-6F53DD426FEB}.Release|Any CPU.Build.0 = Release|Any CPU
		{3160310C-7E34-47D3-9FDB-2BEE03178132}.Debug|Any CPU.ActiveCfg = Debug|Any CPU
		{3160310C-7E34-47D3-9FDB-2BEE03178132}.Debug|Any CPU.Build.0 = Debug|Any CPU
		{3160310C-7E34-47D3-9FDB-2BEE03178132}.Release|Any CPU.ActiveCfg = Release|Any CPU
		{3160310C-7E34-47D3-9FDB-2BEE03178132}.Release|Any CPU.Build.0 = Release|Any CPU
	EndGlobalSection
	GlobalSection(SolutionProperties) = preSolution
		HideSolutionNode = FALSE
	EndGlobalSection
	GlobalSection(ExtensibilityGlobals) = postSolution
		SolutionGuid = {E644AD96-B769-431B-BF0A-500AC32D2975}
	EndGlobalSection
EndGlobal
